{
  "nodes": {
    "home-manager": {
      "inputs": {
        "nixpkgs": [
          "zen-browser",
          "nixpkgs"
        ]
      },
      "locked": {
        "lastModified": 1769872935,
        "narHash": "sha256-07HMIGQ/WJeAQJooA7Kkg1SDKxhAiV6eodvOwTX6WKI=",
        "owner": "nix-community",
        "repo": "home-manager",
        "rev": "f4ad5068ee8e89e4a7c2e963e10dd35cd77b37b7",
        "type": "github"
      },
      "original": {
        "owner": "nix-community",
        "repo": "home-manager",
        "type": "github"
      }
    },
    "nixpkgs": {
      "locked": {
        "lastModified": 1770562336,
        "narHash": "sha256-ub1gpAONMFsT/GU2hV6ZWJjur8rJ6kKxdm9IlCT0j84=",
        "owner": "nixos",
        "repo": "nixpkgs",
        "rev": "d6c71932130818840fc8fe9509cf50be8c64634f",
        "type": "github"
      },
      "original": {
        "owner": "nixos",
        "ref": "nixos-unstable",
        "repo": "nixpkgs",
        "type": "github"
      }
    },
    "root": {
      "inputs": {
        "nixpkgs": "nixpkgs",
        "wpsoffice-flake": "wpsoffice-flake",
        "zen-browser": "zen-browser"
      }
    },
    "wpsoffice-flake": {
      "inputs": {
        "nixpkgs": [
          "nixpkgs"
        ]
      },
      "locked": {
        "lastModified": 1763010066,
        "narHash": "sha256-6CHqEYyIBm+NK+pyCWDk04To2ZuX4TFH1tSwL+FbUMc=",
        "owner": "alex-karev",
        "repo": "wpsoffice-flake",
        "rev": "ebd64051f3ac2f7ca82111af300e3e01531e15c9",
        "type": "github"
      },
      "original": {
        "owner": "alex-karev",
        "repo": "wpsoffice-flake",
        "type": "github"
      }
    },
    "zen-browser": {
      "inputs": {
        "home-manager": "home-manager",
        "nixpkgs": [
          "nixpkgs"
        ]
      },
      "locked": {
        "lastModified": 1770872317,
        "narHash": "sha256-3EWU4/yYtR71zMK0qP3Uysd/McFaHeDfQgtrvh8ELLE=",
        "owner": "0xc000022070",
        "repo": "zen-browser-flake",
        "rev": "40ec16210240665705a32ab0150e852f21fd6668",
        "type": "github"
      },
      "original": {
        "owner": "0xc000022070",
        "repo": "zen-browser-flake",
        "type": "github"
      }
    }
  },
  "root": "root",
  "version": 7
}
